// !$*UTF8*$!
{
	archiveVersion = 1;
	classes = {
	};
	objectVersion = 56;
	objects = {

/* Begin PBXBuildFile section */
		4F02D9812C161BA2001CBF2E /* JSONView.swift in Sources */ = {isa = PBXBuildFile; fileRef = 4F02D9802C161BA2001CBF2E /* JSONView.swift */; };
		4F02D9832C172205001CBF2E /* FactView.swift in Sources */ = {isa = PBXBuildFile; fileRef = 4F02D9822C172204001CBF2E /* FactView.swift */; };
		4FA35DBA2C1360F100040578 /* DemoApp.swift in Sources */ = {isa = PBXBuildFile; fileRef = 4FA35DB92C1360F100040578 /* DemoApp.swift */; };
		4FA35DBC2C1360F100040578 /* ContentView.swift in Sources */ = {isa = PBXBuildFile; fileRef = 4FA35DBB2C1360F100040578 /* ContentView.swift */; };
		4FA35DBE2C1360F300040578 /* Assets.xcassets in Resources */ = {isa = PBXBuildFile; fileRef = 4FA35DBD2C1360F300040578 /* Assets.xcassets */; };
		4FA35DC12C1360F300040578 /* Preview Assets.xcassets in Resources */ = {isa = PBXBuildFile; fileRef = 4FA35DC02C1360F300040578 /* Preview Assets.xcassets */; };
		4FA35DC92C13616B00040578 /* DogsListView.swift in Sources */ = {isa = PBXBuildFile; fileRef = 4FA35DC82C13616B00040578 /* DogsListView.swift */; };
		4FA35DCA2C13616B00040578 /* BreedView.swift in Sources */ = {isa = PBXBuildFile; fileRef = 4FA35DC72C13616B00040578 /* BreedView.swift */; };
		4FA35E582C1361EB00040578 /* URLRequest+.swift in Sources */ = {isa = PBXBuildFile; fileRef = 4FA35DCD2C13619800040578 /* URLRequest+.swift */; };
		4FA35E592C1361EB00040578 /* URLResponse+.swift in Sources */ = {isa = PBXBuildFile; fileRef = 4FA35DCE2C13619800040578 /* URLResponse+.swift */; };
		4FA35E5A2C1361EB00040578 /* URLSession+.swift in Sources */ = {isa = PBXBuildFile; fileRef = 4FA35DCF2C13619800040578 /* URLSession+.swift */; };
		4FA35E5B2C1361EB00040578 /* HTTPCall.swift in Sources */ = {isa = PBXBuildFile; fileRef = 4FA35DD12C13619800040578 /* HTTPCall.swift */; };
		4FA35E5C2C1361EB00040578 /* HTTPCallStorage.swift in Sources */ = {isa = PBXBuildFile; fileRef = 4FA35DD22C13619800040578 /* HTTPCallStorage.swift */; };
		4FA35E5D2C1361EB00040578 /* Mock.swift in Sources */ = {isa = PBXBuildFile; fileRef = 4FA35DD32C13619800040578 /* Mock.swift */; };
		4FA35E5E2C1361EB00040578 /* MockStorage.swift in Sources */ = {isa = PBXBuildFile; fileRef = 4FA35DD42C13619800040578 /* MockStorage.swift */; };
		4FA35E5F2C1361EB00040578 /* PostmanAPI.swift in Sources */ = {isa = PBXBuildFile; fileRef = 4FA35DD52C13619800040578 /* PostmanAPI.swift */; };
		4FA35E602C1361EB00040578 /* PostMockEnvironment.swift in Sources */ = {isa = PBXBuildFile; fileRef = 4FA35DD62C13619800040578 /* PostMockEnvironment.swift */; };
		4FA35E612C1361EB00040578 /* PostMockURLProtocol.swift in Sources */ = {isa = PBXBuildFile; fileRef = 4FA35DD72C13619800040578 /* PostMockURLProtocol.swift */; };
		4FA35E622C1361EB00040578 /* RequestTemplate.swift in Sources */ = {isa = PBXBuildFile; fileRef = 4FA35DD82C13619800040578 /* RequestTemplate.swift */; };
		4FA35E632C1361EB00040578 /* StorageFile+.swift in Sources */ = {isa = PBXBuildFile; fileRef = 4FA35DD92C13619800040578 /* StorageFile+.swift */; };
		4FA35E642C1361EB00040578 /* String+.swift in Sources */ = {isa = PBXBuildFile; fileRef = 4FA35DDA2C13619800040578 /* String+.swift */; };
		4FA35E652C1361EB00040578 /* URLRequest+PostMock.swift in Sources */ = {isa = PBXBuildFile; fileRef = 4FA35DDB2C13619800040578 /* URLRequest+PostMock.swift */; };
		4FA35E662C1361EB00040578 /* URLTemplate.swift in Sources */ = {isa = PBXBuildFile; fileRef = 4FA35DDC2C13619800040578 /* URLTemplate.swift */; };
		4FA35E672C1361EB00040578 /* CallBodyView.swift in Sources */ = {isa = PBXBuildFile; fileRef = 4FA35DDE2C13619800040578 /* CallBodyView.swift */; };
		4FA35E682C1361EB00040578 /* CallDetail.swift in Sources */ = {isa = PBXBuildFile; fileRef = 4FA35DDF2C13619800040578 /* CallDetail.swift */; };
		4FA35E692C1361EB00040578 /* CallsView.swift in Sources */ = {isa = PBXBuildFile; fileRef = 4FA35DE02C13619800040578 /* CallsView.swift */; };
		4FA35E6A2C1361EB00040578 /* CollapsableView.swift in Sources */ = {isa = PBXBuildFile; fileRef = 4FA35DE22C13619800040578 /* CollapsableView.swift */; };
		4FA35E6B2C1361EB00040578 /* CollectionModel.swift in Sources */ = {isa = PBXBuildFile; fileRef = 4FA35DE32C13619800040578 /* CollectionModel.swift */; };
		4FA35E6C2C1361EB00040578 /* CollectionView.swift in Sources */ = {isa = PBXBuildFile; fileRef = 4FA35DE42C13619800040578 /* CollectionView.swift */; };
		4FA35E6D2C1361EB00040578 /* FolderNode.swift in Sources */ = {isa = PBXBuildFile; fileRef = 4FA35DE52C13619800040578 /* FolderNode.swift */; };
		4FA35E6E2C1361EB00040578 /* RequestLabel.swift in Sources */ = {isa = PBXBuildFile; fileRef = 4FA35DE62C13619800040578 /* RequestLabel.swift */; };
		4FA35E6F2C1361EB00040578 /* RequestNode.swift in Sources */ = {isa = PBXBuildFile; fileRef = 4FA35DE72C13619800040578 /* RequestNode.swift */; };
		4FA35E702C1361EB00040578 /* EnvironmentView.swift in Sources */ = {isa = PBXBuildFile; fileRef = 4FA35DE92C13619800040578 /* EnvironmentView.swift */; };
		4FA35E712C1361EB00040578 /* MocksListView.swift in Sources */ = {isa = PBXBuildFile; fileRef = 4FA35DEB2C13619800040578 /* MocksListView.swift */; };
		4FA35E722C1361EB00040578 /* RequestCall.swift in Sources */ = {isa = PBXBuildFile; fileRef = 4FA35DED2C13619800040578 /* RequestCall.swift */; };
		4FA35E732C1361EB00040578 /* RequestDetail+Model.swift in Sources */ = {isa = PBXBuildFile; fileRef = 4FA35DEE2C13619800040578 /* RequestDetail+Model.swift */; };
		4FA35E742C1361EB00040578 /* RequestDetail+View.swift in Sources */ = {isa = PBXBuildFile; fileRef = 4FA35DEF2C13619800040578 /* RequestDetail+View.swift */; };
		4FA35E752C1361EB00040578 /* ResponceLabel.swift in Sources */ = {isa = PBXBuildFile; fileRef = 4FA35DF12C13619800040578 /* ResponceLabel.swift */; };
		4FA35E762C1361EB00040578 /* ResponseDetailView.swift in Sources */ = {isa = PBXBuildFile; fileRef = 4FA35DF22C13619800040578 /* ResponseDetailView.swift */; };
		4FA35E772C1361EB00040578 /* ConfigurationsView.swift in Sources */ = {isa = PBXBuildFile; fileRef = 4FA35DF42C13619800040578 /* ConfigurationsView.swift */; };
		4FA35E782C1361EB00040578 /* SettingsView.swift in Sources */ = {isa = PBXBuildFile; fileRef = 4FA35DF52C13619800040578 /* SettingsView.swift */; };
		4FA35E792C1361EB00040578 /* ReloadButton.swift in Sources */ = {isa = PBXBuildFile; fileRef = 4FA35DF72C13619800040578 /* ReloadButton.swift */; };
		4FA35E7A2C1361EB00040578 /* WorkspaceModel.swift in Sources */ = {isa = PBXBuildFile; fileRef = 4FA35DF82C13619800040578 /* WorkspaceModel.swift */; };
		4FA35E7B2C1361EB00040578 /* WorkspaceView.swift in Sources */ = {isa = PBXBuildFile; fileRef = 4FA35DF92C13619800040578 /* WorkspaceView.swift */; };
		4FA35E7C2C1361EB00040578 /* Environment+.swift in Sources */ = {isa = PBXBuildFile; fileRef = 4FA35DFB2C13619800040578 /* Environment+.swift */; };
		4FA35E7D2C1361EB00040578 /* Method+Color.swift in Sources */ = {isa = PBXBuildFile; fileRef = 4FA35DFC2C13619800040578 /* Method+Color.swift */; };
		4FA35E7E2C1361EB00040578 /* Preview.swift in Sources */ = {isa = PBXBuildFile; fileRef = 4FA35DFD2C13619800040578 /* Preview.swift */; };
		4FA35E7F2C1361EB00040578 /* MockServer.swift in Sources */ = {isa = PBXBuildFile; fileRef = 4FA35DFF2C13619800040578 /* MockServer.swift */; };
		4FA35E802C1361EB00040578 /* PostMock.swift in Sources */ = {isa = PBXBuildFile; fileRef = 4FA35E002C13619800040578 /* PostMock.swift */; };
		4FA35E812C1361EB00040578 /* PostMock+Config.swift in Sources */ = {isa = PBXBuildFile; fileRef = 4FA35E012C13619800040578 /* PostMock+Config.swift */; };
		4FA35E822C1361EB00040578 /* PostMock+Headers.swift in Sources */ = {isa = PBXBuildFile; fileRef = 4FA35E022C13619800040578 /* PostMock+Headers.swift */; };
		4FA35E832C1361EB00040578 /* PostMockButton.swift in Sources */ = {isa = PBXBuildFile; fileRef = 4FA35E032C13619800040578 /* PostMockButton.swift */; };
		4FA35E842C1361EB00040578 /* PostMockView.swift in Sources */ = {isa = PBXBuildFile; fileRef = 4FA35E042C13619800040578 /* PostMockView.swift */; };
		4FA35E852C1361EB00040578 /* DeviceShakeViewModifier.swift in Sources */ = {isa = PBXBuildFile; fileRef = 4FA35E062C13619800040578 /* DeviceShakeViewModifier.swift */; };
		4FA35E862C1361EB00040578 /* InProgressModifier.swift in Sources */ = {isa = PBXBuildFile; fileRef = 4FA35E072C13619800040578 /* InProgressModifier.swift */; };
		4FA35E872C1361EB00040578 /* PostMockViewModifier.swift in Sources */ = {isa = PBXBuildFile; fileRef = 4FA35E082C13619800040578 /* PostMockViewModifier.swift */; };
		4FA35E882C1361EB00040578 /* ViewDidLoadModifier.swift in Sources */ = {isa = PBXBuildFile; fileRef = 4FA35E092C13619800040578 /* ViewDidLoadModifier.swift */; };
		4FA35E892C1361EB00040578 /* KeyedDecodingContainer+.swift in Sources */ = {isa = PBXBuildFile; fileRef = 4FA35E0B2C13619800040578 /* KeyedDecodingContainer+.swift */; };
		4FA35E8A2C1361EB00040578 /* Published+.swift in Sources */ = {isa = PBXBuildFile; fileRef = 4FA35E0C2C13619800040578 /* Published+.swift */; };
		4FA35E8B2C1361EB00040578 /* Storage.swift in Sources */ = {isa = PBXBuildFile; fileRef = 4FA35E0D2C13619800040578 /* Storage.swift */; };
		4FA35E8C2C1361EB00040578 /* UserDefaults+.swift in Sources */ = {isa = PBXBuildFile; fileRef = 4FA35E0E2C13619800040578 /* UserDefaults+.swift */; };
		4FA35E952C13637C00040578 /* PostMockTests.swift in Sources */ = {isa = PBXBuildFile; fileRef = 4FA35E942C13637C00040578 /* PostMockTests.swift */; };
		4FA35E962C13637C00040578 /* PostMockSDK.framework in Frameworks */ = {isa = PBXBuildFile; fileRef = 4FA35E4C2C1361BE00040578 /* PostMockSDK.framework */; };
/* End PBXBuildFile section */

/* Begin PBXContainerItemProxy section */
		4FA35E972C13637C00040578 /* PBXContainerItemProxy */ = {
			isa = PBXContainerItemProxy;
			containerPortal = 4FA35DAE2C1360F100040578 /* Project object */;
			proxyType = 1;
			remoteGlobalIDString = 4FA35E4B2C1361BE00040578;
			remoteInfo = PostMockSDK;
		};
		4FA35E9D2C1365BF00040578 /* PBXContainerItemProxy */ = {
			isa = PBXContainerItemProxy;
			containerPortal = 4FA35DAE2C1360F100040578 /* Project object */;
			proxyType = 1;
			remoteGlobalIDString = 4FA35E4B2C1361BE00040578;
			remoteInfo = PostMockSDK;
		};
/* End PBXContainerItemProxy section */

/* Begin PBXCopyFilesBuildPhase section */
		4FA35F9C2C136D5600040578 /* Embed Frameworks */ = {
			isa = PBXCopyFilesBuildPhase;
			buildActionMask = 2147483647;
			dstPath = "";
			dstSubfolderSpec = 10;
			files = (
			);
			name = "Embed Frameworks";
			runOnlyForDeploymentPostprocessing = 0;
		};
/* End PBXCopyFilesBuildPhase section */

/* Begin PBXFileReference section */
		4F02D9802C161BA2001CBF2E /* JSONView.swift */ = {isa = PBXFileReference; lastKnownFileType = sourcecode.swift; path = JSONView.swift; sourceTree = "<group>"; };
		4F02D9822C172204001CBF2E /* FactView.swift */ = {isa = PBXFileReference; lastKnownFileType = sourcecode.swift; path = FactView.swift; sourceTree = "<group>"; };
		4FA35DB62C1360F100040578 /* Demo.app */ = {isa = PBXFileReference; explicitFileType = wrapper.application; includeInIndex = 0; path = Demo.app; sourceTree = BUILT_PRODUCTS_DIR; };
		4FA35DB92C1360F100040578 /* DemoApp.swift */ = {isa = PBXFileReference; lastKnownFileType = sourcecode.swift; path = DemoApp.swift; sourceTree = "<group>"; };
		4FA35DBB2C1360F100040578 /* ContentView.swift */ = {isa = PBXFileReference; lastKnownFileType = sourcecode.swift; path = ContentView.swift; sourceTree = "<group>"; };
		4FA35DBD2C1360F300040578 /* Assets.xcassets */ = {isa = PBXFileReference; lastKnownFileType = folder.assetcatalog; path = Assets.xcassets; sourceTree = "<group>"; };
		4FA35DC02C1360F300040578 /* Preview Assets.xcassets */ = {isa = PBXFileReference; lastKnownFileType = folder.assetcatalog; path = "Preview Assets.xcassets"; sourceTree = "<group>"; };
		4FA35DC72C13616B00040578 /* BreedView.swift */ = {isa = PBXFileReference; lastKnownFileType = sourcecode.swift; path = BreedView.swift; sourceTree = "<group>"; };
		4FA35DC82C13616B00040578 /* DogsListView.swift */ = {isa = PBXFileReference; lastKnownFileType = sourcecode.swift; path = DogsListView.swift; sourceTree = "<group>"; };
		4FA35DCD2C13619800040578 /* URLRequest+.swift */ = {isa = PBXFileReference; fileEncoding = 4; lastKnownFileType = sourcecode.swift; path = "URLRequest+.swift"; sourceTree = "<group>"; };
		4FA35DCE2C13619800040578 /* URLResponse+.swift */ = {isa = PBXFileReference; fileEncoding = 4; lastKnownFileType = sourcecode.swift; path = "URLResponse+.swift"; sourceTree = "<group>"; };
		4FA35DCF2C13619800040578 /* URLSession+.swift */ = {isa = PBXFileReference; fileEncoding = 4; lastKnownFileType = sourcecode.swift; path = "URLSession+.swift"; sourceTree = "<group>"; };
		4FA35DD12C13619800040578 /* HTTPCall.swift */ = {isa = PBXFileReference; fileEncoding = 4; lastKnownFileType = sourcecode.swift; path = HTTPCall.swift; sourceTree = "<group>"; };
		4FA35DD22C13619800040578 /* HTTPCallStorage.swift */ = {isa = PBXFileReference; fileEncoding = 4; lastKnownFileType = sourcecode.swift; path = HTTPCallStorage.swift; sourceTree = "<group>"; };
		4FA35DD32C13619800040578 /* Mock.swift */ = {isa = PBXFileReference; fileEncoding = 4; lastKnownFileType = sourcecode.swift; path = Mock.swift; sourceTree = "<group>"; };
		4FA35DD42C13619800040578 /* MockStorage.swift */ = {isa = PBXFileReference; fileEncoding = 4; lastKnownFileType = sourcecode.swift; path = MockStorage.swift; sourceTree = "<group>"; };
		4FA35DD52C13619800040578 /* PostmanAPI.swift */ = {isa = PBXFileReference; fileEncoding = 4; lastKnownFileType = sourcecode.swift; path = PostmanAPI.swift; sourceTree = "<group>"; };
		4FA35DD62C13619800040578 /* PostMockEnvironment.swift */ = {isa = PBXFileReference; fileEncoding = 4; lastKnownFileType = sourcecode.swift; path = PostMockEnvironment.swift; sourceTree = "<group>"; };
		4FA35DD72C13619800040578 /* PostMockURLProtocol.swift */ = {isa = PBXFileReference; fileEncoding = 4; lastKnownFileType = sourcecode.swift; path = PostMockURLProtocol.swift; sourceTree = "<group>"; };
		4FA35DD82C13619800040578 /* RequestTemplate.swift */ = {isa = PBXFileReference; fileEncoding = 4; lastKnownFileType = sourcecode.swift; path = RequestTemplate.swift; sourceTree = "<group>"; };
		4FA35DD92C13619800040578 /* StorageFile+.swift */ = {isa = PBXFileReference; fileEncoding = 4; lastKnownFileType = sourcecode.swift; path = "StorageFile+.swift"; sourceTree = "<group>"; };
		4FA35DDA2C13619800040578 /* String+.swift */ = {isa = PBXFileReference; fileEncoding = 4; lastKnownFileType = sourcecode.swift; path = "String+.swift"; sourceTree = "<group>"; };
		4FA35DDB2C13619800040578 /* URLRequest+PostMock.swift */ = {isa = PBXFileReference; fileEncoding = 4; lastKnownFileType = sourcecode.swift; path = "URLRequest+PostMock.swift"; sourceTree = "<group>"; };
		4FA35DDC2C13619800040578 /* URLTemplate.swift */ = {isa = PBXFileReference; fileEncoding = 4; lastKnownFileType = sourcecode.swift; path = URLTemplate.swift; sourceTree = "<group>"; };
		4FA35DDE2C13619800040578 /* CallBodyView.swift */ = {isa = PBXFileReference; fileEncoding = 4; lastKnownFileType = sourcecode.swift; path = CallBodyView.swift; sourceTree = "<group>"; };
		4FA35DDF2C13619800040578 /* CallDetail.swift */ = {isa = PBXFileReference; fileEncoding = 4; lastKnownFileType = sourcecode.swift; path = CallDetail.swift; sourceTree = "<group>"; };
		4FA35DE02C13619800040578 /* CallsView.swift */ = {isa = PBXFileReference; fileEncoding = 4; lastKnownFileType = sourcecode.swift; path = CallsView.swift; sourceTree = "<group>"; };
		4FA35DE22C13619800040578 /* CollapsableView.swift */ = {isa = PBXFileReference; fileEncoding = 4; lastKnownFileType = sourcecode.swift; path = CollapsableView.swift; sourceTree = "<group>"; };
		4FA35DE32C13619800040578 /* CollectionModel.swift */ = {isa = PBXFileReference; fileEncoding = 4; lastKnownFileType = sourcecode.swift; path = CollectionModel.swift; sourceTree = "<group>"; };
		4FA35DE42C13619800040578 /* CollectionView.swift */ = {isa = PBXFileReference; fileEncoding = 4; lastKnownFileType = sourcecode.swift; path = CollectionView.swift; sourceTree = "<group>"; };
		4FA35DE52C13619800040578 /* FolderNode.swift */ = {isa = PBXFileReference; fileEncoding = 4; lastKnownFileType = sourcecode.swift; path = FolderNode.swift; sourceTree = "<group>"; };
		4FA35DE62C13619800040578 /* RequestLabel.swift */ = {isa = PBXFileReference; fileEncoding = 4; lastKnownFileType = sourcecode.swift; path = RequestLabel.swift; sourceTree = "<group>"; };
		4FA35DE72C13619800040578 /* RequestNode.swift */ = {isa = PBXFileReference; fileEncoding = 4; lastKnownFileType = sourcecode.swift; path = RequestNode.swift; sourceTree = "<group>"; };
		4FA35DE92C13619800040578 /* EnvironmentView.swift */ = {isa = PBXFileReference; fileEncoding = 4; lastKnownFileType = sourcecode.swift; path = EnvironmentView.swift; sourceTree = "<group>"; };
		4FA35DEB2C13619800040578 /* MocksListView.swift */ = {isa = PBXFileReference; fileEncoding = 4; lastKnownFileType = sourcecode.swift; path = MocksListView.swift; sourceTree = "<group>"; };
		4FA35DED2C13619800040578 /* RequestCall.swift */ = {isa = PBXFileReference; fileEncoding = 4; lastKnownFileType = sourcecode.swift; path = RequestCall.swift; sourceTree = "<group>"; };
		4FA35DEE2C13619800040578 /* RequestDetail+Model.swift */ = {isa = PBXFileReference; fileEncoding = 4; lastKnownFileType = sourcecode.swift; path = "RequestDetail+Model.swift"; sourceTree = "<group>"; };
		4FA35DEF2C13619800040578 /* RequestDetail+View.swift */ = {isa = PBXFileReference; fileEncoding = 4; lastKnownFileType = sourcecode.swift; path = "RequestDetail+View.swift"; sourceTree = "<group>"; };
		4FA35DF12C13619800040578 /* ResponceLabel.swift */ = {isa = PBXFileReference; fileEncoding = 4; lastKnownFileType = sourcecode.swift; path = ResponceLabel.swift; sourceTree = "<group>"; };
		4FA35DF22C13619800040578 /* ResponseDetailView.swift */ = {isa = PBXFileReference; fileEncoding = 4; lastKnownFileType = sourcecode.swift; path = ResponseDetailView.swift; sourceTree = "<group>"; };
		4FA35DF42C13619800040578 /* ConfigurationsView.swift */ = {isa = PBXFileReference; fileEncoding = 4; lastKnownFileType = sourcecode.swift; path = ConfigurationsView.swift; sourceTree = "<group>"; };
		4FA35DF52C13619800040578 /* SettingsView.swift */ = {isa = PBXFileReference; fileEncoding = 4; lastKnownFileType = sourcecode.swift; path = SettingsView.swift; sourceTree = "<group>"; };
		4FA35DF72C13619800040578 /* ReloadButton.swift */ = {isa = PBXFileReference; fileEncoding = 4; lastKnownFileType = sourcecode.swift; path = ReloadButton.swift; sourceTree = "<group>"; };
		4FA35DF82C13619800040578 /* WorkspaceModel.swift */ = {isa = PBXFileReference; fileEncoding = 4; lastKnownFileType = sourcecode.swift; path = WorkspaceModel.swift; sourceTree = "<group>"; };
		4FA35DF92C13619800040578 /* WorkspaceView.swift */ = {isa = PBXFileReference; fileEncoding = 4; lastKnownFileType = sourcecode.swift; path = WorkspaceView.swift; sourceTree = "<group>"; };
		4FA35DFB2C13619800040578 /* Environment+.swift */ = {isa = PBXFileReference; fileEncoding = 4; lastKnownFileType = sourcecode.swift; path = "Environment+.swift"; sourceTree = "<group>"; };
		4FA35DFC2C13619800040578 /* Method+Color.swift */ = {isa = PBXFileReference; fileEncoding = 4; lastKnownFileType = sourcecode.swift; path = "Method+Color.swift"; sourceTree = "<group>"; };
		4FA35DFD2C13619800040578 /* Preview.swift */ = {isa = PBXFileReference; fileEncoding = 4; lastKnownFileType = sourcecode.swift; path = Preview.swift; sourceTree = "<group>"; };
		4FA35DFF2C13619800040578 /* MockServer.swift */ = {isa = PBXFileReference; fileEncoding = 4; lastKnownFileType = sourcecode.swift; path = MockServer.swift; sourceTree = "<group>"; };
		4FA35E002C13619800040578 /* PostMock.swift */ = {isa = PBXFileReference; fileEncoding = 4; lastKnownFileType = sourcecode.swift; path = PostMock.swift; sourceTree = "<group>"; };
		4FA35E012C13619800040578 /* PostMock+Config.swift */ = {isa = PBXFileReference; fileEncoding = 4; lastKnownFileType = sourcecode.swift; path = "PostMock+Config.swift"; sourceTree = "<group>"; };
		4FA35E022C13619800040578 /* PostMock+Headers.swift */ = {isa = PBXFileReference; fileEncoding = 4; lastKnownFileType = sourcecode.swift; path = "PostMock+Headers.swift"; sourceTree = "<group>"; };
		4FA35E032C13619800040578 /* PostMockButton.swift */ = {isa = PBXFileReference; fileEncoding = 4; lastKnownFileType = sourcecode.swift; path = PostMockButton.swift; sourceTree = "<group>"; };
		4FA35E042C13619800040578 /* PostMockView.swift */ = {isa = PBXFileReference; fileEncoding = 4; lastKnownFileType = sourcecode.swift; path = PostMockView.swift; sourceTree = "<group>"; };
		4FA35E062C13619800040578 /* DeviceShakeViewModifier.swift */ = {isa = PBXFileReference; fileEncoding = 4; lastKnownFileType = sourcecode.swift; path = DeviceShakeViewModifier.swift; sourceTree = "<group>"; };
		4FA35E072C13619800040578 /* InProgressModifier.swift */ = {isa = PBXFileReference; fileEncoding = 4; lastKnownFileType = sourcecode.swift; path = InProgressModifier.swift; sourceTree = "<group>"; };
		4FA35E082C13619800040578 /* PostMockViewModifier.swift */ = {isa = PBXFileReference; fileEncoding = 4; lastKnownFileType = sourcecode.swift; path = PostMockViewModifier.swift; sourceTree = "<group>"; };
		4FA35E092C13619800040578 /* ViewDidLoadModifier.swift */ = {isa = PBXFileReference; fileEncoding = 4; lastKnownFileType = sourcecode.swift; path = ViewDidLoadModifier.swift; sourceTree = "<group>"; };
		4FA35E0B2C13619800040578 /* KeyedDecodingContainer+.swift */ = {isa = PBXFileReference; fileEncoding = 4; lastKnownFileType = sourcecode.swift; path = "KeyedDecodingContainer+.swift"; sourceTree = "<group>"; };
		4FA35E0C2C13619800040578 /* Published+.swift */ = {isa = PBXFileReference; fileEncoding = 4; lastKnownFileType = sourcecode.swift; path = "Published+.swift"; sourceTree = "<group>"; };
		4FA35E0D2C13619800040578 /* Storage.swift */ = {isa = PBXFileReference; fileEncoding = 4; lastKnownFileType = sourcecode.swift; path = Storage.swift; sourceTree = "<group>"; };
		4FA35E0E2C13619800040578 /* UserDefaults+.swift */ = {isa = PBXFileReference; fileEncoding = 4; lastKnownFileType = sourcecode.swift; path = "UserDefaults+.swift"; sourceTree = "<group>"; };
		4FA35E4C2C1361BE00040578 /* PostMockSDK.framework */ = {isa = PBXFileReference; explicitFileType = wrapper.framework; includeInIndex = 0; path = PostMockSDK.framework; sourceTree = BUILT_PRODUCTS_DIR; };
		4FA35E922C13637C00040578 /* PostMockTests.xctest */ = {isa = PBXFileReference; explicitFileType = wrapper.cfbundle; includeInIndex = 0; path = PostMockTests.xctest; sourceTree = BUILT_PRODUCTS_DIR; };
		4FA35E942C13637C00040578 /* PostMockTests.swift */ = {isa = PBXFileReference; lastKnownFileType = sourcecode.swift; path = PostMockTests.swift; sourceTree = "<group>"; };
		4FA35E9C2C1364E000040578 /* TestPlan.xctestplan */ = {isa = PBXFileReference; lastKnownFileType = text; path = TestPlan.xctestplan; sourceTree = "<group>"; };
		4FA35F892C13691400040578 /* Package.swift */ = {isa = PBXFileReference; lastKnownFileType = sourcecode.swift; path = Package.swift; sourceTree = "<group>"; };
/* End PBXFileReference section */

/* Begin PBXFrameworksBuildPhase section */
		4FA35DB32C1360F100040578 /* Frameworks */ = {
			isa = PBXFrameworksBuildPhase;
			buildActionMask = 2147483647;
			files = (
			);
			runOnlyForDeploymentPostprocessing = 0;
		};
		4FA35E492C1361BE00040578 /* Frameworks */ = {
			isa = PBXFrameworksBuildPhase;
			buildActionMask = 2147483647;
			files = (
			);
			runOnlyForDeploymentPostprocessing = 0;
		};
		4FA35E8F2C13637C00040578 /* Frameworks */ = {
			isa = PBXFrameworksBuildPhase;
			buildActionMask = 2147483647;
			files = (
				4FA35E962C13637C00040578 /* PostMockSDK.framework in Frameworks */,
			);
			runOnlyForDeploymentPostprocessing = 0;
		};
/* End PBXFrameworksBuildPhase section */

/* Begin PBXGroup section */
		4F02D97F2C161B8D001CBF2E /* View */ = {
			isa = PBXGroup;
			children = (
				4F02D9802C161BA2001CBF2E /* JSONView.swift */,
			);
			path = View;
			sourceTree = "<group>";
		};
		4FA35DAD2C1360F100040578 = {
			isa = PBXGroup;
			children = (
				4FA35F892C13691400040578 /* Package.swift */,
				4FA35DB82C1360F100040578 /* Demo */,
				4FA35E4D2C1361BE00040578 /* Sources */,
				4FA35E932C13637C00040578 /* Tests */,
				4FA35DB72C1360F100040578 /* Products */,
				4FA35F8A2C136CBB00040578 /* Frameworks */,
			);
			sourceTree = "<group>";
		};
		4FA35DB72C1360F100040578 /* Products */ = {
			isa = PBXGroup;
			children = (
				4FA35DB62C1360F100040578 /* Demo.app */,
				4FA35E4C2C1361BE00040578 /* PostMockSDK.framework */,
				4FA35E922C13637C00040578 /* PostMockTests.xctest */,
			);
			name = Products;
			sourceTree = "<group>";
		};
		4FA35DB82C1360F100040578 /* Demo */ = {
			isa = PBXGroup;
			children = (
				4FA35DC72C13616B00040578 /* BreedView.swift */,
				4FA35DC82C13616B00040578 /* DogsListView.swift */,
				4FA35DB92C1360F100040578 /* DemoApp.swift */,
				4FA35DBB2C1360F100040578 /* ContentView.swift */,
				4FA35DBD2C1360F300040578 /* Assets.xcassets */,
				4FA35DBF2C1360F300040578 /* Preview Content */,
				4F02D9822C172204001CBF2E /* FactView.swift */,
			);
			path = Demo;
			sourceTree = "<group>";
		};
		4FA35DBF2C1360F300040578 /* Preview Content */ = {
			isa = PBXGroup;
			children = (
				4FA35DC02C1360F300040578 /* Preview Assets.xcassets */,
			);
			path = "Preview Content";
			sourceTree = "<group>";
		};
		4FA35DD02C13619800040578 /* Networking */ = {
			isa = PBXGroup;
			children = (
				4FA35DCD2C13619800040578 /* URLRequest+.swift */,
				4FA35DCE2C13619800040578 /* URLResponse+.swift */,
				4FA35DCF2C13619800040578 /* URLSession+.swift */,
			);
			path = Networking;
			sourceTree = "<group>";
		};
		4FA35DDD2C13619800040578 /* PostMock */ = {
			isa = PBXGroup;
			children = (
				4FA35DD12C13619800040578 /* HTTPCall.swift */,
				4FA35DD22C13619800040578 /* HTTPCallStorage.swift */,
				4FA35DD32C13619800040578 /* Mock.swift */,
				4FA35DD42C13619800040578 /* MockStorage.swift */,
				4FA35DD52C13619800040578 /* PostmanAPI.swift */,
				4FA35DD62C13619800040578 /* PostMockEnvironment.swift */,
				4FA35DD72C13619800040578 /* PostMockURLProtocol.swift */,
				4FA35DD82C13619800040578 /* RequestTemplate.swift */,
				4FA35DD92C13619800040578 /* StorageFile+.swift */,
				4FA35DDA2C13619800040578 /* String+.swift */,
				4FA35DDB2C13619800040578 /* URLRequest+PostMock.swift */,
				4FA35DDC2C13619800040578 /* URLTemplate.swift */,
			);
			path = PostMock;
			sourceTree = "<group>";
		};
		4FA35DE12C13619800040578 /* Calls */ = {
			isa = PBXGroup;
			children = (
				4FA35DDE2C13619800040578 /* CallBodyView.swift */,
				4FA35DDF2C13619800040578 /* CallDetail.swift */,
				4FA35DE02C13619800040578 /* CallsView.swift */,
			);
			path = Calls;
			sourceTree = "<group>";
		};
		4FA35DE82C13619800040578 /* Collection */ = {
			isa = PBXGroup;
			children = (
				4FA35DE22C13619800040578 /* CollapsableView.swift */,
				4FA35DE32C13619800040578 /* CollectionModel.swift */,
				4FA35DE42C13619800040578 /* CollectionView.swift */,
				4FA35DE52C13619800040578 /* FolderNode.swift */,
				4FA35DE62C13619800040578 /* RequestLabel.swift */,
				4FA35DE72C13619800040578 /* RequestNode.swift */,
			);
			path = Collection;
			sourceTree = "<group>";
		};
		4FA35DEA2C13619800040578 /* Environment */ = {
			isa = PBXGroup;
			children = (
				4FA35DE92C13619800040578 /* EnvironmentView.swift */,
			);
			path = Environment;
			sourceTree = "<group>";
		};
		4FA35DEC2C13619800040578 /* MockList */ = {
			isa = PBXGroup;
			children = (
				4FA35DEB2C13619800040578 /* MocksListView.swift */,
			);
			path = MockList;
			sourceTree = "<group>";
		};
		4FA35DF02C13619800040578 /* Request */ = {
			isa = PBXGroup;
			children = (
				4FA35DED2C13619800040578 /* RequestCall.swift */,
				4FA35DEE2C13619800040578 /* RequestDetail+Model.swift */,
				4FA35DEF2C13619800040578 /* RequestDetail+View.swift */,
			);
			path = Request;
			sourceTree = "<group>";
		};
		4FA35DF32C13619800040578 /* Response */ = {
			isa = PBXGroup;
			children = (
				4FA35DF12C13619800040578 /* ResponceLabel.swift */,
				4FA35DF22C13619800040578 /* ResponseDetailView.swift */,
			);
			path = Response;
			sourceTree = "<group>";
		};
		4FA35DF62C13619800040578 /* Settings */ = {
			isa = PBXGroup;
			children = (
				4FA35DF42C13619800040578 /* ConfigurationsView.swift */,
				4FA35DF52C13619800040578 /* SettingsView.swift */,
			);
			path = Settings;
			sourceTree = "<group>";
		};
		4FA35DFA2C13619800040578 /* Workspace */ = {
			isa = PBXGroup;
			children = (
				4FA35DF72C13619800040578 /* ReloadButton.swift */,
				4FA35DF82C13619800040578 /* WorkspaceModel.swift */,
				4FA35DF92C13619800040578 /* WorkspaceView.swift */,
			);
			path = Workspace;
			sourceTree = "<group>";
		};
		4FA35DFE2C13619800040578 /* PostMockUI */ = {
			isa = PBXGroup;
			children = (
				4F02D97F2C161B8D001CBF2E /* View */,
				4FA35DE12C13619800040578 /* Calls */,
				4FA35DE82C13619800040578 /* Collection */,
				4FA35DEA2C13619800040578 /* Environment */,
				4FA35DEC2C13619800040578 /* MockList */,
				4FA35DF02C13619800040578 /* Request */,
				4FA35DF32C13619800040578 /* Response */,
				4FA35DF62C13619800040578 /* Settings */,
				4FA35DFA2C13619800040578 /* Workspace */,
				4FA35DFB2C13619800040578 /* Environment+.swift */,
				4FA35DFC2C13619800040578 /* Method+Color.swift */,
				4FA35DFD2C13619800040578 /* Preview.swift */,
			);
			path = PostMockUI;
			sourceTree = "<group>";
		};
		4FA35E052C13619800040578 /* Public */ = {
			isa = PBXGroup;
			children = (
				4FA35DFF2C13619800040578 /* MockServer.swift */,
				4FA35E002C13619800040578 /* PostMock.swift */,
				4FA35E012C13619800040578 /* PostMock+Config.swift */,
				4FA35E022C13619800040578 /* PostMock+Headers.swift */,
				4FA35E032C13619800040578 /* PostMockButton.swift */,
				4FA35E042C13619800040578 /* PostMockView.swift */,
			);
			path = Public;
			sourceTree = "<group>";
		};
		4FA35E0A2C13619800040578 /* Modifiers */ = {
			isa = PBXGroup;
			children = (
				4FA35E062C13619800040578 /* DeviceShakeViewModifier.swift */,
				4FA35E072C13619800040578 /* InProgressModifier.swift */,
				4FA35E082C13619800040578 /* PostMockViewModifier.swift */,
				4FA35E092C13619800040578 /* ViewDidLoadModifier.swift */,
			);
			path = Modifiers;
			sourceTree = "<group>";
		};
		4FA35E0F2C13619800040578 /* Utils */ = {
			isa = PBXGroup;
			children = (
				4FA35E0A2C13619800040578 /* Modifiers */,
				4FA35E0B2C13619800040578 /* KeyedDecodingContainer+.swift */,
				4FA35E0C2C13619800040578 /* Published+.swift */,
				4FA35E0D2C13619800040578 /* Storage.swift */,
				4FA35E0E2C13619800040578 /* UserDefaults+.swift */,
			);
			path = Utils;
			sourceTree = "<group>";
		};
		4FA35E4D2C1361BE00040578 /* Sources */ = {
			isa = PBXGroup;
			children = (
				4FA35DD02C13619800040578 /* Networking */,
				4FA35DDD2C13619800040578 /* PostMock */,
				4FA35DFE2C13619800040578 /* PostMockUI */,
				4FA35E052C13619800040578 /* Public */,
				4FA35E0F2C13619800040578 /* Utils */,
			);
			path = Sources;
			sourceTree = "<group>";
		};
		4FA35E932C13637C00040578 /* Tests */ = {
			isa = PBXGroup;
			children = (
				4FA35E9C2C1364E000040578 /* TestPlan.xctestplan */,
				4FA35E942C13637C00040578 /* PostMockTests.swift */,
			);
			path = Tests;
			sourceTree = "<group>";
		};
		4FA35F8A2C136CBB00040578 /* Frameworks */ = {
			isa = PBXGroup;
			children = (
			);
			name = Frameworks;
			sourceTree = "<group>";
		};
/* End PBXGroup section */

/* Begin PBXHeadersBuildPhase section */
		4FA35E472C1361BE00040578 /* Headers */ = {
			isa = PBXHeadersBuildPhase;
			buildActionMask = 2147483647;
			files = (
			);
			runOnlyForDeploymentPostprocessing = 0;
		};
/* End PBXHeadersBuildPhase section */

/* Begin PBXNativeTarget section */
		4FA35DB52C1360F100040578 /* Demo */ = {
			isa = PBXNativeTarget;
			buildConfigurationList = 4FA35DC42C1360F300040578 /* Build configuration list for PBXNativeTarget "Demo" */;
			buildPhases = (
				4FA35DB22C1360F100040578 /* Sources */,
				4FA35DB32C1360F100040578 /* Frameworks */,
				4FA35DB42C1360F100040578 /* Resources */,
			);
			buildRules = (
			);
			dependencies = (
				4FA35E9E2C1365BF00040578 /* PBXTargetDependency */,
			);
			name = Demo;
			productName = Demo;
			productReference = 4FA35DB62C1360F100040578 /* Demo.app */;
			productType = "com.apple.product-type.application";
		};
		4FA35E4B2C1361BE00040578 /* PostMockSDK */ = {
			isa = PBXNativeTarget;
			buildConfigurationList = 4FA35E542C1361BE00040578 /* Build configuration list for PBXNativeTarget "PostMockSDK" */;
			buildPhases = (
				4FA35E472C1361BE00040578 /* Headers */,
				4FA35E482C1361BE00040578 /* Sources */,
				4FA35E492C1361BE00040578 /* Frameworks */,
				4FA35E4A2C1361BE00040578 /* Resources */,
				4FA35F9C2C136D5600040578 /* Embed Frameworks */,
			);
			buildRules = (
			);
			dependencies = (
			);
			name = PostMockSDK;
			productName = PostMock;
			productReference = 4FA35E4C2C1361BE00040578 /* PostMockSDK.framework */;
			productType = "com.apple.product-type.framework";
		};
		4FA35E912C13637C00040578 /* PostMockTests */ = {
			isa = PBXNativeTarget;
			buildConfigurationList = 4FA35E992C13637C00040578 /* Build configuration list for PBXNativeTarget "PostMockTests" */;
			buildPhases = (
				4FA35E8E2C13637C00040578 /* Sources */,
				4FA35E8F2C13637C00040578 /* Frameworks */,
				4FA35E902C13637C00040578 /* Resources */,
			);
			buildRules = (
			);
			dependencies = (
				4FA35E982C13637C00040578 /* PBXTargetDependency */,
			);
			name = PostMockTests;
			productName = PostMockTests;
			productReference = 4FA35E922C13637C00040578 /* PostMockTests.xctest */;
			productType = "com.apple.product-type.bundle.unit-test";
		};
/* End PBXNativeTarget section */

/* Begin PBXProject section */
		4FA35DAE2C1360F100040578 /* Project object */ = {
			isa = PBXProject;
			attributes = {
				BuildIndependentTargetsInParallel = 1;
				LastSwiftUpdateCheck = 1540;
				LastUpgradeCheck = 1540;
				TargetAttributes = {
					4FA35DB52C1360F100040578 = {
						CreatedOnToolsVersion = 15.4;
					};
					4FA35E4B2C1361BE00040578 = {
						CreatedOnToolsVersion = 15.4;
					};
					4FA35E912C13637C00040578 = {
						CreatedOnToolsVersion = 15.4;
					};
				};
			};
			buildConfigurationList = 4FA35DB12C1360F100040578 /* Build configuration list for PBXProject "PostMock" */;
			compatibilityVersion = "Xcode 14.0";
			developmentRegion = en;
			hasScannedForEncodings = 0;
			knownRegions = (
				en,
				Base,
			);
			mainGroup = 4FA35DAD2C1360F100040578;
			productRefGroup = 4FA35DB72C1360F100040578 /* Products */;
			projectDirPath = "";
			projectRoot = "";
			targets = (
				4FA35DB52C1360F100040578 /* Demo */,
				4FA35E4B2C1361BE00040578 /* PostMockSDK */,
				4FA35E912C13637C00040578 /* PostMockTests */,
			);
		};
/* End PBXProject section */

/* Begin PBXResourcesBuildPhase section */
		4FA35DB42C1360F100040578 /* Resources */ = {
			isa = PBXResourcesBuildPhase;
			buildActionMask = 2147483647;
			files = (
				4FA35DC12C1360F300040578 /* Preview Assets.xcassets in Resources */,
				4FA35DBE2C1360F300040578 /* Assets.xcassets in Resources */,
			);
			runOnlyForDeploymentPostprocessing = 0;
		};
		4FA35E4A2C1361BE00040578 /* Resources */ = {
			isa = PBXResourcesBuildPhase;
			buildActionMask = 2147483647;
			files = (
			);
			runOnlyForDeploymentPostprocessing = 0;
		};
		4FA35E902C13637C00040578 /* Resources */ = {
			isa = PBXResourcesBuildPhase;
			buildActionMask = 2147483647;
			files = (
			);
			runOnlyForDeploymentPostprocessing = 0;
		};
/* End PBXResourcesBuildPhase section */

/* Begin PBXSourcesBuildPhase section */
		4FA35DB22C1360F100040578 /* Sources */ = {
			isa = PBXSourcesBuildPhase;
			buildActionMask = 2147483647;
			files = (
				4FA35DBC2C1360F100040578 /* ContentView.swift in Sources */,
				4F02D9832C172205001CBF2E /* FactView.swift in Sources */,
				4FA35DC92C13616B00040578 /* DogsListView.swift in Sources */,
				4FA35DBA2C1360F100040578 /* DemoApp.swift in Sources */,
				4FA35DCA2C13616B00040578 /* BreedView.swift in Sources */,
			);
			runOnlyForDeploymentPostprocessing = 0;
		};
		4FA35E482C1361BE00040578 /* Sources */ = {
			isa = PBXSourcesBuildPhase;
			buildActionMask = 2147483647;
			files = (
				4FA35E582C1361EB00040578 /* URLRequest+.swift in Sources */,
				4FA35E592C1361EB00040578 /* URLResponse+.swift in Sources */,
				4FA35E5A2C1361EB00040578 /* URLSession+.swift in Sources */,
				4FA35E5B2C1361EB00040578 /* HTTPCall.swift in Sources */,
				4FA35E5C2C1361EB00040578 /* HTTPCallStorage.swift in Sources */,
				4F02D9812C161BA2001CBF2E /* JSONView.swift in Sources */,
				4FA35E5D2C1361EB00040578 /* Mock.swift in Sources */,
				4FA35E5E2C1361EB00040578 /* MockStorage.swift in Sources */,
				4FA35E5F2C1361EB00040578 /* PostmanAPI.swift in Sources */,
				4FA35E602C1361EB00040578 /* PostMockEnvironment.swift in Sources */,
				4FA35E612C1361EB00040578 /* PostMockURLProtocol.swift in Sources */,
				4FA35E622C1361EB00040578 /* RequestTemplate.swift in Sources */,
				4FA35E632C1361EB00040578 /* StorageFile+.swift in Sources */,
				4FA35E642C1361EB00040578 /* String+.swift in Sources */,
				4FA35E652C1361EB00040578 /* URLRequest+PostMock.swift in Sources */,
				4FA35E662C1361EB00040578 /* URLTemplate.swift in Sources */,
				4FA35E672C1361EB00040578 /* CallBodyView.swift in Sources */,
				4FA35E682C1361EB00040578 /* CallDetail.swift in Sources */,
				4FA35E692C1361EB00040578 /* CallsView.swift in Sources */,
				4FA35E6A2C1361EB00040578 /* CollapsableView.swift in Sources */,
				4FA35E6B2C1361EB00040578 /* CollectionModel.swift in Sources */,
				4FA35E6C2C1361EB00040578 /* CollectionView.swift in Sources */,
				4FA35E6D2C1361EB00040578 /* FolderNode.swift in Sources */,
				4FA35E6E2C1361EB00040578 /* RequestLabel.swift in Sources */,
				4FA35E6F2C1361EB00040578 /* RequestNode.swift in Sources */,
				4FA35E702C1361EB00040578 /* EnvironmentView.swift in Sources */,
				4FA35E712C1361EB00040578 /* MocksListView.swift in Sources */,
				4FA35E722C1361EB00040578 /* RequestCall.swift in Sources */,
				4FA35E732C1361EB00040578 /* RequestDetail+Model.swift in Sources */,
				4FA35E742C1361EB00040578 /* RequestDetail+View.swift in Sources */,
				4FA35E752C1361EB00040578 /* ResponceLabel.swift in Sources */,
				4FA35E762C1361EB00040578 /* ResponseDetailView.swift in Sources */,
				4FA35E772C1361EB00040578 /* ConfigurationsView.swift in Sources */,
				4FA35E782C1361EB00040578 /* SettingsView.swift in Sources */,
				4FA35E792C1361EB00040578 /* ReloadButton.swift in Sources */,
				4FA35E7A2C1361EB00040578 /* WorkspaceModel.swift in Sources */,
				4FA35E7B2C1361EB00040578 /* WorkspaceView.swift in Sources */,
				4FA35E7C2C1361EB00040578 /* Environment+.swift in Sources */,
				4FA35E7D2C1361EB00040578 /* Method+Color.swift in Sources */,
				4FA35E7E2C1361EB00040578 /* Preview.swift in Sources */,
				4FA35E7F2C1361EB00040578 /* MockServer.swift in Sources */,
				4FA35E802C1361EB00040578 /* PostMock.swift in Sources */,
				4FA35E812C1361EB00040578 /* PostMock+Config.swift in Sources */,
				4FA35E822C1361EB00040578 /* PostMock+Headers.swift in Sources */,
				4FA35E832C1361EB00040578 /* PostMockButton.swift in Sources */,
				4FA35E842C1361EB00040578 /* PostMockView.swift in Sources */,
				4FA35E852C1361EB00040578 /* DeviceShakeViewModifier.swift in Sources */,
				4FA35E862C1361EB00040578 /* InProgressModifier.swift in Sources */,
				4FA35E872C1361EB00040578 /* PostMockViewModifier.swift in Sources */,
				4FA35E882C1361EB00040578 /* ViewDidLoadModifier.swift in Sources */,
				4FA35E892C1361EB00040578 /* KeyedDecodingContainer+.swift in Sources */,
				4FA35E8A2C1361EB00040578 /* Published+.swift in Sources */,
				4FA35E8B2C1361EB00040578 /* Storage.swift in Sources */,
				4FA35E8C2C1361EB00040578 /* UserDefaults+.swift in Sources */,
			);
			runOnlyForDeploymentPostprocessing = 0;
		};
		4FA35E8E2C13637C00040578 /* Sources */ = {
			isa = PBXSourcesBuildPhase;
			buildActionMask = 2147483647;
			files = (
				4FA35E952C13637C00040578 /* PostMockTests.swift in Sources */,
			);
			runOnlyForDeploymentPostprocessing = 0;
		};
/* End PBXSourcesBuildPhase section */

/* Begin PBXTargetDependency section */
		4FA35E982C13637C00040578 /* PBXTargetDependency */ = {
			isa = PBXTargetDependency;
			target = 4FA35E4B2C1361BE00040578 /* PostMockSDK */;
			targetProxy = 4FA35E972C13637C00040578 /* PBXContainerItemProxy */;
		};
		4FA35E9E2C1365BF00040578 /* PBXTargetDependency */ = {
			isa = PBXTargetDependency;
			target = 4FA35E4B2C1361BE00040578 /* PostMockSDK */;
			targetProxy = 4FA35E9D2C1365BF00040578 /* PBXContainerItemProxy */;
		};
/* End PBXTargetDependency section */

/* Begin XCBuildConfiguration section */
		4FA35DC22C1360F300040578 /* Debug */ = {
			isa = XCBuildConfiguration;
			buildSettings = {
				ALWAYS_SEARCH_USER_PATHS = NO;
				ASSETCATALOG_COMPILER_GENERATE_SWIFT_ASSET_SYMBOL_EXTENSIONS = YES;
				CLANG_ANALYZER_NONNULL = YES;
				CLANG_ANALYZER_NUMBER_OBJECT_CONVERSION = YES_AGGRESSIVE;
				CLANG_CXX_LANGUAGE_STANDARD = "gnu++20";
				CLANG_ENABLE_MODULES = YES;
				CLANG_ENABLE_OBJC_ARC = YES;
				CLANG_ENABLE_OBJC_WEAK = YES;
				CLANG_WARN_BLOCK_CAPTURE_AUTORELEASING = YES;
				CLANG_WARN_BOOL_CONVERSION = YES;
				CLANG_WARN_COMMA = YES;
				CLANG_WARN_CONSTANT_CONVERSION = YES;
				CLANG_WARN_DEPRECATED_OBJC_IMPLEMENTATIONS = YES;
				CLANG_WARN_DIRECT_OBJC_ISA_USAGE = YES_ERROR;
				CLANG_WARN_DOCUMENTATION_COMMENTS = YES;
				CLANG_WARN_EMPTY_BODY = YES;
				CLANG_WARN_ENUM_CONVERSION = YES;
				CLANG_WARN_INFINITE_RECURSION = YES;
				CLANG_WARN_INT_CONVERSION = YES;
				CLANG_WARN_NON_LITERAL_NULL_CONVERSION = YES;
				CLANG_WARN_OBJC_IMPLICIT_RETAIN_SELF = YES;
				CLANG_WARN_OBJC_LITERAL_CONVERSION = YES;
				CLANG_WARN_OBJC_ROOT_CLASS = YES_ERROR;
				CLANG_WARN_QUOTED_INCLUDE_IN_FRAMEWORK_HEADER = YES;
				CLANG_WARN_RANGE_LOOP_ANALYSIS = YES;
				CLANG_WARN_STRICT_PROTOTYPES = YES;
				CLANG_WARN_SUSPICIOUS_MOVE = YES;
				CLANG_WARN_UNGUARDED_AVAILABILITY = YES_AGGRESSIVE;
				CLANG_WARN_UNREACHABLE_CODE = YES;
				CLANG_WARN__DUPLICATE_METHOD_MATCH = YES;
				COPY_PHASE_STRIP = NO;
				DEBUG_INFORMATION_FORMAT = dwarf;
				ENABLE_STRICT_OBJC_MSGSEND = YES;
				ENABLE_TESTABILITY = YES;
				ENABLE_USER_SCRIPT_SANDBOXING = YES;
				GCC_C_LANGUAGE_STANDARD = gnu17;
				GCC_DYNAMIC_NO_PIC = NO;
				GCC_NO_COMMON_BLOCKS = YES;
				GCC_OPTIMIZATION_LEVEL = 0;
				GCC_PREPROCESSOR_DEFINITIONS = (
					"DEBUG=1",
					"$(inherited)",
				);
				GCC_WARN_64_TO_32_BIT_CONVERSION = YES;
				GCC_WARN_ABOUT_RETURN_TYPE = YES_ERROR;
				GCC_WARN_UNDECLARED_SELECTOR = YES;
				GCC_WARN_UNINITIALIZED_AUTOS = YES_AGGRESSIVE;
				GCC_WARN_UNUSED_FUNCTION = YES;
				GCC_WARN_UNUSED_VARIABLE = YES;
				IPHONEOS_DEPLOYMENT_TARGET = 15.0;
				LOCALIZATION_PREFERS_STRING_CATALOGS = YES;
				MTL_ENABLE_DEBUG_INFO = INCLUDE_SOURCE;
				MTL_FAST_MATH = YES;
				ONLY_ACTIVE_ARCH = YES;
				SDKROOT = iphoneos;
				SWIFT_ACTIVE_COMPILATION_CONDITIONS = "DEBUG $(inherited)";
				SWIFT_OPTIMIZATION_LEVEL = "-Onone";
			};
			name = Debug;
		};
		4FA35DC32C1360F300040578 /* Release */ = {
			isa = XCBuildConfiguration;
			buildSettings = {
				ALWAYS_SEARCH_USER_PATHS = NO;
				ASSETCATALOG_COMPILER_GENERATE_SWIFT_ASSET_SYMBOL_EXTENSIONS = YES;
				CLANG_ANALYZER_NONNULL = YES;
				CLANG_ANALYZER_NUMBER_OBJECT_CONVERSION = YES_AGGRESSIVE;
				CLANG_CXX_LANGUAGE_STANDARD = "gnu++20";
				CLANG_ENABLE_MODULES = YES;
				CLANG_ENABLE_OBJC_ARC = YES;
				CLANG_ENABLE_OBJC_WEAK = YES;
				CLANG_WARN_BLOCK_CAPTURE_AUTORELEASING = YES;
				CLANG_WARN_BOOL_CONVERSION = YES;
				CLANG_WARN_COMMA = YES;
				CLANG_WARN_CONSTANT_CONVERSION = YES;
				CLANG_WARN_DEPRECATED_OBJC_IMPLEMENTATIONS = YES;
				CLANG_WARN_DIRECT_OBJC_ISA_USAGE = YES_ERROR;
				CLANG_WARN_DOCUMENTATION_COMMENTS = YES;
				CLANG_WARN_EMPTY_BODY = YES;
				CLANG_WARN_ENUM_CONVERSION = YES;
				CLANG_WARN_INFINITE_RECURSION = YES;
				CLANG_WARN_INT_CONVERSION = YES;
				CLANG_WARN_NON_LITERAL_NULL_CONVERSION = YES;
				CLANG_WARN_OBJC_IMPLICIT_RETAIN_SELF = YES;
				CLANG_WARN_OBJC_LITERAL_CONVERSION = YES;
				CLANG_WARN_OBJC_ROOT_CLASS = YES_ERROR;
				CLANG_WARN_QUOTED_INCLUDE_IN_FRAMEWORK_HEADER = YES;
				CLANG_WARN_RANGE_LOOP_ANALYSIS = YES;
				CLANG_WARN_STRICT_PROTOTYPES = YES;
				CLANG_WARN_SUSPICIOUS_MOVE = YES;
				CLANG_WARN_UNGUARDED_AVAILABILITY = YES_AGGRESSIVE;
				CLANG_WARN_UNREACHABLE_CODE = YES;
				CLANG_WARN__DUPLICATE_METHOD_MATCH = YES;
				COPY_PHASE_STRIP = NO;
				DEBUG_INFORMATION_FORMAT = "dwarf-with-dsym";
				ENABLE_NS_ASSERTIONS = NO;
				ENABLE_STRICT_OBJC_MSGSEND = YES;
				ENABLE_USER_SCRIPT_SANDBOXING = YES;
				GCC_C_LANGUAGE_STANDARD = gnu17;
				GCC_NO_COMMON_BLOCKS = YES;
				GCC_WARN_64_TO_32_BIT_CONVERSION = YES;
				GCC_WARN_ABOUT_RETURN_TYPE = YES_ERROR;
				GCC_WARN_UNDECLARED_SELECTOR = YES;
				GCC_WARN_UNINITIALIZED_AUTOS = YES_AGGRESSIVE;
				GCC_WARN_UNUSED_FUNCTION = YES;
				GCC_WARN_UNUSED_VARIABLE = YES;
				IPHONEOS_DEPLOYMENT_TARGET = 15.0;
				LOCALIZATION_PREFERS_STRING_CATALOGS = YES;
				MTL_ENABLE_DEBUG_INFO = NO;
				MTL_FAST_MATH = YES;
				SDKROOT = iphoneos;
				SWIFT_COMPILATION_MODE = wholemodule;
				VALIDATE_PRODUCT = YES;
			};
			name = Release;
		};
		4FA35DC52C1360F300040578 /* Debug */ = {
			isa = XCBuildConfiguration;
			buildSettings = {
				ASSETCATALOG_COMPILER_APPICON_NAME = AppIcon;
				ASSETCATALOG_COMPILER_GLOBAL_ACCENT_COLOR_NAME = AccentColor;
				CODE_SIGN_STYLE = Automatic;
				CURRENT_PROJECT_VERSION = 1;
				DEVELOPMENT_ASSET_PATHS = "\"Demo/Preview Content\"";
				DEVELOPMENT_TEAM = 3BVL9BNASU;
				ENABLE_PREVIEWS = YES;
				GENERATE_INFOPLIST_FILE = YES;
				INFOPLIST_KEY_UIApplicationSceneManifest_Generation = YES;
				INFOPLIST_KEY_UIApplicationSupportsIndirectInputEvents = YES;
				INFOPLIST_KEY_UILaunchScreen_Generation = YES;
				INFOPLIST_KEY_UISupportedInterfaceOrientations_iPad = "UIInterfaceOrientationPortrait UIInterfaceOrientationPortraitUpsideDown UIInterfaceOrientationLandscapeLeft UIInterfaceOrientationLandscapeRight";
				INFOPLIST_KEY_UISupportedInterfaceOrientations_iPhone = "UIInterfaceOrientationPortrait UIInterfaceOrientationLandscapeLeft UIInterfaceOrientationLandscapeRight";
				IPHONEOS_DEPLOYMENT_TARGET = 17.5;
				LD_RUNPATH_SEARCH_PATHS = (
					"$(inherited)",
					"@executable_path/Frameworks",
				);
				MARKETING_VERSION = 1.0;
				PRODUCT_BUNDLE_IDENTIFIER = alexejnenastev.Demo;
				PRODUCT_NAME = "$(TARGET_NAME)";
				SWIFT_EMIT_LOC_STRINGS = YES;
				SWIFT_VERSION = 5.0;
				TARGETED_DEVICE_FAMILY = "1,2";
			};
			name = Debug;
		};
		4FA35DC62C1360F300040578 /* Release */ = {
			isa = XCBuildConfiguration;
			buildSettings = {
				ASSETCATALOG_COMPILER_APPICON_NAME = AppIcon;
				ASSETCATALOG_COMPILER_GLOBAL_ACCENT_COLOR_NAME = AccentColor;
				CODE_SIGN_STYLE = Automatic;
				CURRENT_PROJECT_VERSION = 1;
				DEVELOPMENT_ASSET_PATHS = "\"Demo/Preview Content\"";
				DEVELOPMENT_TEAM = 3BVL9BNASU;
				ENABLE_PREVIEWS = YES;
				GENERATE_INFOPLIST_FILE = YES;
				INFOPLIST_KEY_UIApplicationSceneManifest_Generation = YES;
				INFOPLIST_KEY_UIApplicationSupportsIndirectInputEvents = YES;
				INFOPLIST_KEY_UILaunchScreen_Generation = YES;
				INFOPLIST_KEY_UISupportedInterfaceOrientations_iPad = "UIInterfaceOrientationPortrait UIInterfaceOrientationPortraitUpsideDown UIInterfaceOrientationLandscapeLeft UIInterfaceOrientationLandscapeRight";
				INFOPLIST_KEY_UISupportedInterfaceOrientations_iPhone = "UIInterfaceOrientationPortrait UIInterfaceOrientationLandscapeLeft UIInterfaceOrientationLandscapeRight";
				IPHONEOS_DEPLOYMENT_TARGET = 17.5;
				LD_RUNPATH_SEARCH_PATHS = (
					"$(inherited)",
					"@executable_path/Frameworks",
				);
				MARKETING_VERSION = 1.0;
				PRODUCT_BUNDLE_IDENTIFIER = alexejnenastev.Demo;
				PRODUCT_NAME = "$(TARGET_NAME)";
				SWIFT_EMIT_LOC_STRINGS = YES;
				SWIFT_VERSION = 5.0;
				TARGETED_DEVICE_FAMILY = "1,2";
			};
			name = Release;
		};
		4FA35E552C1361BE00040578 /* Debug */ = {
			isa = XCBuildConfiguration;
			buildSettings = {
				BUILD_LIBRARY_FOR_DISTRIBUTION = YES;
				CODE_SIGN_STYLE = Automatic;
				CURRENT_PROJECT_VERSION = 1;
				DEVELOPMENT_TEAM = 3BVL9BNASU;
				DYLIB_COMPATIBILITY_VERSION = 1;
				DYLIB_CURRENT_VERSION = 1;
				DYLIB_INSTALL_NAME_BASE = "@rpath";
				ENABLE_MODULE_VERIFIER = YES;
				GENERATE_INFOPLIST_FILE = YES;
				INFOPLIST_KEY_NSHumanReadableCopyright = "";
				INSTALL_PATH = "$(LOCAL_LIBRARY_DIR)/Frameworks";
				LD_RUNPATH_SEARCH_PATHS = (
					"$(inherited)",
					"@executable_path/Frameworks",
					"@loader_path/Frameworks",
				);
				MARKETING_VERSION = 1.0;
				MODULE_VERIFIER_SUPPORTED_LANGUAGES = "objective-c objective-c++";
				MODULE_VERIFIER_SUPPORTED_LANGUAGE_STANDARDS = "gnu17 gnu++20";
				PRODUCT_BUNDLE_IDENTIFIER = alexejnenastev.PostMock;
				PRODUCT_NAME = "$(TARGET_NAME:c99extidentifier)";
				SKIP_INSTALL = YES;
				SWIFT_INSTALL_OBJC_HEADER = NO;
				SWIFT_VERSION = 5.0;
				TARGETED_DEVICE_FAMILY = "1,2";
				VERSIONING_SYSTEM = "apple-generic";
				VERSION_INFO_PREFIX = "";
			};
			name = Debug;
		};
		4FA35E562C1361BE00040578 /* Release */ = {
			isa = XCBuildConfiguration;
			buildSettings = {
				BUILD_LIBRARY_FOR_DISTRIBUTION = YES;
				CODE_SIGN_STYLE = Automatic;
				CURRENT_PROJECT_VERSION = 1;
				DEVELOPMENT_TEAM = 3BVL9BNASU;
				DYLIB_COMPATIBILITY_VERSION = 1;
				DYLIB_CURRENT_VERSION = 1;
				DYLIB_INSTALL_NAME_BASE = "@rpath";
				ENABLE_MODULE_VERIFIER = YES;
				GENERATE_INFOPLIST_FILE = YES;
				INFOPLIST_KEY_NSHumanReadableCopyright = "";
				INSTALL_PATH = "$(LOCAL_LIBRARY_DIR)/Frameworks";
				LD_RUNPATH_SEARCH_PATHS = (
					"$(inherited)",
					"@executable_path/Frameworks",
					"@loader_path/Frameworks",
				);
				MARKETING_VERSION = 1.0;
				MODULE_VERIFIER_SUPPORTED_LANGUAGES = "objective-c objective-c++";
				MODULE_VERIFIER_SUPPORTED_LANGUAGE_STANDARDS = "gnu17 gnu++20";
				PRODUCT_BUNDLE_IDENTIFIER = alexejnenastev.PostMock;
				PRODUCT_NAME = "$(TARGET_NAME:c99extidentifier)";
				SKIP_INSTALL = YES;
				SWIFT_INSTALL_OBJC_HEADER = NO;
				SWIFT_VERSION = 5.0;
				TARGETED_DEVICE_FAMILY = "1,2";
				VERSIONING_SYSTEM = "apple-generic";
				VERSION_INFO_PREFIX = "";
			};
			name = Release;
		};
		4FA35E9A2C13637C00040578 /* Debug */ = {
			isa = XCBuildConfiguration;
			buildSettings = {
				CODE_SIGN_STYLE = Automatic;
				CURRENT_PROJECT_VERSION = 1;
				DEVELOPMENT_TEAM = 3BVL9BNASU;
				GENERATE_INFOPLIST_FILE = YES;
				IPHONEOS_DEPLOYMENT_TARGET = 17.5;
				MARKETING_VERSION = 1.0;
				PRODUCT_BUNDLE_IDENTIFIER = alexejnenastev.PostMockTests;
				PRODUCT_NAME = "$(TARGET_NAME)";
				SWIFT_EMIT_LOC_STRINGS = NO;
				SWIFT_VERSION = 5.0;
				TARGETED_DEVICE_FAMILY = "1,2";
			};
			name = Debug;
		};
		4FA35E9B2C13637C00040578 /* Release */ = {
			isa = XCBuildConfiguration;
			buildSettings = {
				CODE_SIGN_STYLE = Automatic;
				CURRENT_PROJECT_VERSION = 1;
				DEVELOPMENT_TEAM = 3BVL9BNASU;
				GENERATE_INFOPLIST_FILE = YES;
				IPHONEOS_DEPLOYMENT_TARGET = 17.5;
				MARKETING_VERSION = 1.0;
				PRODUCT_BUNDLE_IDENTIFIER = alexejnenastev.PostMockTests;
				PRODUCT_NAME = "$(TARGET_NAME)";
				SWIFT_EMIT_LOC_STRINGS = NO;
				SWIFT_VERSION = 5.0;
				TARGETED_DEVICE_FAMILY = "1,2";
			};
			name = Release;
		};
/* End XCBuildConfiguration section */

/* Begin XCConfigurationList section */
		4FA35DB12C1360F100040578 /* Build configuration list for PBXProject "PostMock" */ = {
			isa = XCConfigurationList;
			buildConfigurations = (
				4FA35DC22C1360F300040578 /* Debug */,
				4FA35DC32C1360F300040578 /* Release */,
			);
			defaultConfigurationIsVisible = 0;
			defaultConfigurationName = Release;
		};
		4FA35DC42C1360F300040578 /* Build configuration list for PBXNativeTarget "Demo" */ = {
			isa = XCConfigurationList;
			buildConfigurations = (
				4FA35DC52C1360F300040578 /* Debug */,
				4FA35DC62C1360F300040578 /* Release */,
			);
			defaultConfigurationIsVisible = 0;
			defaultConfigurationName = Release;
		};
		4FA35E542C1361BE00040578 /* Build configuration list for PBXNativeTarget "PostMockSDK" */ = {
			isa = XCConfigurationList;
			buildConfigurations = (
				4FA35E552C1361BE00040578 /* Debug */,
				4FA35E562C1361BE00040578 /* Release */,
			);
			defaultConfigurationIsVisible = 0;
			defaultConfigurationName = Release;
		};
		4FA35E992C13637C00040578 /* Build configuration list for PBXNativeTarget "PostMockTests" */ = {
			isa = XCConfigurationList;
			buildConfigurations = (
				4FA35E9A2C13637C00040578 /* Debug */,
				4FA35E9B2C13637C00040578 /* Release */,
			);
			defaultConfigurationIsVisible = 0;
			defaultConfigurationName = Release;
		};
/* End XCConfigurationList section */
	};
	rootObject = 4FA35DAE2C1360F100040578 /* Project object */;
}
